
Microsoft Visual Studio Solution File, Format Version 12.00
# Visual Studio Version 16
VisualStudioVersion = 16.0.31321.278
MinimumVisualStudioVersion = 10.0.40219.1
Project("{FAE04EC0-301F-11D3-BF4B-00C04F79EFBC}") = "ControlEmpleados", "ControlEmpleados\ControlEmpleados.csproj", "{4147A464-0F9E-42B0-BEB9-ECC4D2599785}"
EndProject
Global
	GlobalSection(SolutionConfigurationPlatforms) = preSolution
		Debug|Any CPU = Debug|Any CPU
		Release|Any CPU = Release|Any CPU
	EndGlobalSection
	GlobalSection(ProjectConfigurationPlatforms) = postSolution
		{4147A464-0F9E-42B0-BEB9-ECC4D2599785}.Debug|Any CPU.ActiveCfg = Debug|Any CPU
		{4147A464-0F9E-42B0-BEB9-ECC4D2599785}.Debug|Any CPU.Build.0 = Debug|Any CPU
		{4147A464-0F9E-42B0-BEB9-ECC4D2599785}.Release|Any CPU.ActiveCfg = Release|Any CPU
		{4147A464-0F9E-42B0-BEB9-ECC4D2599785}.Release|Any CPU.Build.0 = Release|Any CPU
	EndGlobalSection
	GlobalSection(SolutionProperties) = preSolution
		HideSolutionNode = FALSE
	EndGlobalSection
	GlobalSection(ExtensibilityGlobals) = postSolution
		SolutionGuid = {7B55DBFB-14E1-41B3-8BE8-18D9C9A59AE1}
	EndGlobalSection
EndGlobal
